// !$*UTF8*$!
{
	archiveVersion = 1;
	classes = {
	};
	objectVersion = 56;
	objects = {

/* Begin PBXBuildFile section */
		1DC50F2E2B030D7300A35F6A /* FastingUKSApp.swift in Sources */ = {isa = PBXBuildFile; fileRef = 1DC50F2D2B030D7300A35F6A /* FastingUKSApp.swift */; };
		1DC50F302B030D7300A35F6A /* MainView.swift in Sources */ = {isa = PBXBuildFile; fileRef = 1DC50F2F2B030D7300A35F6A /* MainView.swift */; };
		1DC50F322B030D7400A35F6A /* Assets.xcassets in Resources */ = {isa = PBXBuildFile; fileRef = 1DC50F312B030D7400A35F6A /* Assets.xcassets */; };
		1DC50F362B030D7400A35F6A /* Preview Assets.xcassets in Resources */ = {isa = PBXBuildFile; fileRef = 1DC50F352B030D7400A35F6A /* Preview Assets.xcassets */; };
		1DC50F3D2B030FC400A35F6A /* FastingProgressView.swift in Sources */ = {isa = PBXBuildFile; fileRef = 1DC50F3C2B030FC400A35F6A /* FastingProgressView.swift */; };
		1DC50F3F2B03139F00A35F6A /* FastingPeriodPlate.swift in Sources */ = {isa = PBXBuildFile; fileRef = 1DC50F3E2B03139F00A35F6A /* FastingPeriodPlate.swift */; };
		1DC50F432B03199600A35F6A /* MainViewModel.swift in Sources */ = {isa = PBXBuildFile; fileRef = 1DC50F422B03199600A35F6A /* MainViewModel.swift */; };
		1DC50F462B0322F700A35F6A /* GlowModifier.swift in Sources */ = {isa = PBXBuildFile; fileRef = 1DC50F452B0322F700A35F6A /* GlowModifier.swift */; };
		1DC50F492B0324F900A35F6A /* MoreSwiftUI in Frameworks */ = {isa = PBXBuildFile; productRef = 1DC50F482B0324F900A35F6A /* MoreSwiftUI */; };
		1DC50F4B2B032EE300A35F6A /* EditFastingView.swift in Sources */ = {isa = PBXBuildFile; fileRef = 1DC50F4A2B032EE300A35F6A /* EditFastingView.swift */; };
		1DC50FAD2B05BEB000A35F6A /* AppDelegate.swift in Sources */ = {isa = PBXBuildFile; fileRef = 1DC50FAC2B05BEB000A35F6A /* AppDelegate.swift */; };
/* End PBXBuildFile section */

/* Begin PBXFileReference section */
		1DC50F2A2B030D7300A35F6A /* FastingUKS.app */ = {isa = PBXFileReference; explicitFileType = wrapper.application; includeInIndex = 0; path = FastingUKS.app; sourceTree = BUILT_PRODUCTS_DIR; };
		1DC50F2D2B030D7300A35F6A /* FastingUKSApp.swift */ = {isa = PBXFileReference; lastKnownFileType = sourcecode.swift; path = FastingUKSApp.swift; sourceTree = "<group>"; };
		1DC50F2F2B030D7300A35F6A /* MainView.swift */ = {isa = PBXFileReference; lastKnownFileType = sourcecode.swift; path = MainView.swift; sourceTree = "<group>"; };
		1DC50F312B030D7400A35F6A /* Assets.xcassets */ = {isa = PBXFileReference; lastKnownFileType = folder.assetcatalog; path = Assets.xcassets; sourceTree = "<group>"; };
		1DC50F332B030D7400A35F6A /* FastingUKS.entitlements */ = {isa = PBXFileReference; lastKnownFileType = text.plist.entitlements; path = FastingUKS.entitlements; sourceTree = "<group>"; };
		1DC50F352B030D7400A35F6A /* Preview Assets.xcassets */ = {isa = PBXFileReference; lastKnownFileType = folder.assetcatalog; path = "Preview Assets.xcassets"; sourceTree = "<group>"; };
		1DC50F3C2B030FC400A35F6A /* FastingProgressView.swift */ = {isa = PBXFileReference; lastKnownFileType = sourcecode.swift; path = FastingProgressView.swift; sourceTree = "<group>"; };
		1DC50F3E2B03139F00A35F6A /* FastingPeriodPlate.swift */ = {isa = PBXFileReference; lastKnownFileType = sourcecode.swift; path = FastingPeriodPlate.swift; sourceTree = "<group>"; };
		1DC50F422B03199600A35F6A /* MainViewModel.swift */ = {isa = PBXFileReference; lastKnownFileType = sourcecode.swift; path = MainViewModel.swift; sourceTree = "<group>"; };
		1DC50F452B0322F700A35F6A /* GlowModifier.swift */ = {isa = PBXFileReference; lastKnownFileType = sourcecode.swift; path = GlowModifier.swift; sourceTree = "<group>"; };
		1DC50F4A2B032EE300A35F6A /* EditFastingView.swift */ = {isa = PBXFileReference; lastKnownFileType = sourcecode.swift; path = EditFastingView.swift; sourceTree = "<group>"; };
		1DC50FAC2B05BEB000A35F6A /* AppDelegate.swift */ = {isa = PBXFileReference; lastKnownFileType = sourcecode.swift; path = AppDelegate.swift; sourceTree = "<group>"; };
/* End PBXFileReference section */

/* Begin PBXFrameworksBuildPhase section */
		1DC50F272B030D7300A35F6A /* Frameworks */ = {
			isa = PBXFrameworksBuildPhase;
			buildActionMask = 2147483647;
			files = (
				1DC50F492B0324F900A35F6A /* MoreSwiftUI in Frameworks */,
			);
			runOnlyForDeploymentPostprocessing = 0;
		};
/* End PBXFrameworksBuildPhase section */

/* Begin PBXGroup section */
		1DC50F212B030D7300A35F6A = {
			isa = PBXGroup;
			children = (
				1DC50F2C2B030D7300A35F6A /* FastingUKS */,
				1DC50F2B2B030D7300A35F6A /* Products */,
			);
			sourceTree = "<group>";
		};
		1DC50F2B2B030D7300A35F6A /* Products */ = {
			isa = PBXGroup;
			children = (
				1DC50F2A2B030D7300A35F6A /* FastingUKS.app */,
			);
			name = Products;
			sourceTree = "<group>";
		};
		1DC50F2C2B030D7300A35F6A /* FastingUKS */ = {
			isa = PBXGroup;
			children = (
				1DC50F2D2B030D7300A35F6A /* FastingUKSApp.swift */,
				1DC50F2F2B030D7300A35F6A /* MainView.swift */,
				1DC50F422B03199600A35F6A /* MainViewModel.swift */,
				1DC50F4A2B032EE300A35F6A /* EditFastingView.swift */,
				1DC50F402B03196000A35F6A /* SwiftUI */,
				1DC50F312B030D7400A35F6A /* Assets.xcassets */,
				1DC50F332B030D7400A35F6A /* FastingUKS.entitlements */,
				1DC50F342B030D7400A35F6A /* Preview Content */,
				1DC50FAC2B05BEB000A35F6A /* AppDelegate.swift */,
			);
			path = FastingUKS;
			sourceTree = "<group>";
		};
		1DC50F342B030D7400A35F6A /* Preview Content */ = {
			isa = PBXGroup;
			children = (
				1DC50F352B030D7400A35F6A /* Preview Assets.xcassets */,
			);
			path = "Preview Content";
			sourceTree = "<group>";
		};
		1DC50F402B03196000A35F6A /* SwiftUI */ = {
			isa = PBXGroup;
			children = (
				1DC50F442B0322E700A35F6A /* ViewModifiers */,
				1DC50F412B03197A00A35F6A /* Views */,
			);
			path = SwiftUI;
			sourceTree = "<group>";
		};
		1DC50F412B03197A00A35F6A /* Views */ = {
			isa = PBXGroup;
			children = (
				1DC50F3C2B030FC400A35F6A /* FastingProgressView.swift */,
				1DC50F3E2B03139F00A35F6A /* FastingPeriodPlate.swift */,
			);
			path = Views;
			sourceTree = "<group>";
		};
		1DC50F442B0322E700A35F6A /* ViewModifiers */ = {
			isa = PBXGroup;
			children = (
				1DC50F452B0322F700A35F6A /* GlowModifier.swift */,
			);
			path = ViewModifiers;
			sourceTree = "<group>";
		};
/* End PBXGroup section */

/* Begin PBXNativeTarget section */
		1DC50F292B030D7300A35F6A /* FastingUKS */ = {
			isa = PBXNativeTarget;
			buildConfigurationList = 1DC50F392B030D7400A35F6A /* Build configuration list for PBXNativeTarget "FastingUKS" */;
			buildPhases = (
				1DC50F262B030D7300A35F6A /* Sources */,
				1DC50F272B030D7300A35F6A /* Frameworks */,
				1DC50F282B030D7300A35F6A /* Resources */,
			);
			buildRules = (
			);
			dependencies = (
			);
			name = FastingUKS;
			packageProductDependencies = (
				1DC50F482B0324F900A35F6A /* MoreSwiftUI */,
			);
			productName = FastingUKS;
			productReference = 1DC50F2A2B030D7300A35F6A /* FastingUKS.app */;
			productType = "com.apple.product-type.application";
		};
/* End PBXNativeTarget section */

/* Begin PBXProject section */
		1DC50F222B030D7300A35F6A /* Project object */ = {
			isa = PBXProject;
			attributes = {
				BuildIndependentTargetsInParallel = 1;
				LastSwiftUpdateCheck = 1430;
				LastUpgradeCheck = 1430;
				TargetAttributes = {
					1DC50F292B030D7300A35F6A = {
						CreatedOnToolsVersion = 14.3.1;
					};
				};
			};
			buildConfigurationList = 1DC50F252B030D7300A35F6A /* Build configuration list for PBXProject "FastingUKS" */;
			compatibilityVersion = "Xcode 14.0";
			developmentRegion = en;
			hasScannedForEncodings = 0;
			knownRegions = (
				en,
				Base,
			);
			mainGroup = 1DC50F212B030D7300A35F6A;
			packageReferences = (
				1DC50F472B0324F900A35F6A /* XCRemoteSwiftPackageReference "moreswiftui" */,
			);
			productRefGroup = 1DC50F2B2B030D7300A35F6A /* Products */;
			projectDirPath = "";
			projectRoot = "";
			targets = (
				1DC50F292B030D7300A35F6A /* FastingUKS */,
			);
		};
/* End PBXProject section */

/* Begin PBXResourcesBuildPhase section */
		1DC50F282B030D7300A35F6A /* Resources */ = {
			isa = PBXResourcesBuildPhase;
			buildActionMask = 2147483647;
			files = (
				1DC50F362B030D7400A35F6A /* Preview Assets.xcassets in Resources */,
				1DC50F322B030D7400A35F6A /* Assets.xcassets in Resources */,
			);
			runOnlyForDeploymentPostprocessing = 0;
		};
/* End PBXResourcesBuildPhase section */

/* Begin PBXSourcesBuildPhase section */
		1DC50F262B030D7300A35F6A /* Sources */ = {
			isa = PBXSourcesBuildPhase;
			buildActionMask = 2147483647;
			files = (
				1DC50FAD2B05BEB000A35F6A /* AppDelegate.swift in Sources */,
				1DC50F462B0322F700A35F6A /* GlowModifier.swift in Sources */,
				1DC50F432B03199600A35F6A /* MainViewModel.swift in Sources */,
				1DC50F3F2B03139F00A35F6A /* FastingPeriodPlate.swift in Sources */,
				1DC50F4B2B032EE300A35F6A /* EditFastingView.swift in Sources */,
				1DC50F302B030D7300A35F6A /* MainView.swift in Sources */,
				1DC50F3D2B030FC400A35F6A /* FastingProgressView.swift in Sources */,
				1DC50F2E2B030D7300A35F6A /* FastingUKSApp.swift in Sources */,
			);
			runOnlyForDeploymentPostprocessing = 0;
		};
/* End PBXSourcesBuildPhase section */

/* Begin XCBuildConfiguration section */
		1DC50F372B030D7400A35F6A /* Debug */ = {
			isa = XCBuildConfiguration;
			buildSettings = {
				ALWAYS_SEARCH_USER_PATHS = NO;
				CLANG_ANALYZER_NONNULL = YES;
				CLANG_ANALYZER_NUMBER_OBJECT_CONVERSION = YES_AGGRESSIVE;
				CLANG_CXX_LANGUAGE_STANDARD = "gnu++20";
				CLANG_ENABLE_MODULES = YES;
				CLANG_ENABLE_OBJC_ARC = YES;
				CLANG_ENABLE_OBJC_WEAK = YES;
				CLANG_WARN_BLOCK_CAPTURE_AUTORELEASING = YES;
				CLANG_WARN_BOOL_CONVERSION = YES;
				CLANG_WARN_COMMA = YES;
				CLANG_WARN_CONSTANT_CONVERSION = YES;
				CLANG_WARN_DEPRECATED_OBJC_IMPLEMENTATIONS = YES;
				CLANG_WARN_DIRECT_OBJC_ISA_USAGE = YES_ERROR;
				CLANG_WARN_DOCUMENTATION_COMMENTS = YES;
				CLANG_WARN_EMPTY_BODY = YES;
				CLANG_WARN_ENUM_CONVERSION = YES;
				CLANG_WARN_INFINITE_RECURSION = YES;
				CLANG_WARN_INT_CONVERSION = YES;
				CLANG_WARN_NON_LITERAL_NULL_CONVERSION = YES;
				CLANG_WARN_OBJC_IMPLICIT_RETAIN_SELF = YES;
				CLANG_WARN_OBJC_LITERAL_CONVERSION = YES;
				CLANG_WARN_OBJC_ROOT_CLASS = YES_ERROR;
				CLANG_WARN_QUOTED_INCLUDE_IN_FRAMEWORK_HEADER = YES;
				CLANG_WARN_RANGE_LOOP_ANALYSIS = YES;
				CLANG_WARN_STRICT_PROTOTYPES = YES;
				CLANG_WARN_SUSPICIOUS_MOVE = YES;
				CLANG_WARN_UNGUARDED_AVAILABILITY = YES_AGGRESSIVE;
				CLANG_WARN_UNREACHABLE_CODE = YES;
				CLANG_WARN__DUPLICATE_METHOD_MATCH = YES;
				COPY_PHASE_STRIP = NO;
				DEBUG_INFORMATION_FORMAT = dwarf;
				ENABLE_STRICT_OBJC_MSGSEND = YES;
				ENABLE_TESTABILITY = YES;
				GCC_C_LANGUAGE_STANDARD = gnu11;
				GCC_DYNAMIC_NO_PIC = NO;
				GCC_NO_COMMON_BLOCKS = YES;
				GCC_OPTIMIZATION_LEVEL = 0;
				GCC_PREPROCESSOR_DEFINITIONS = (
					"DEBUG=1",
					"$(inherited)",
				);
				GCC_WARN_64_TO_32_BIT_CONVERSION = YES;
				GCC_WARN_ABOUT_RETURN_TYPE = YES_ERROR;
				GCC_WARN_UNDECLARED_SELECTOR = YES;
				GCC_WARN_UNINITIALIZED_AUTOS = YES_AGGRESSIVE;
				GCC_WARN_UNUSED_FUNCTION = YES;
				GCC_WARN_UNUSED_VARIABLE = YES;
				MTL_ENABLE_DEBUG_INFO = INCLUDE_SOURCE;
				MTL_FAST_MATH = YES;
				ONLY_ACTIVE_ARCH = YES;
				SWIFT_ACTIVE_COMPILATION_CONDITIONS = DEBUG;
				SWIFT_OPTIMIZATION_LEVEL = "-Onone";
			};
			name = Debug;
		};
		1DC50F382B030D7400A35F6A /* Release */ = {
			isa = XCBuildConfiguration;
			buildSettings = {
				ALWAYS_SEARCH_USER_PATHS = NO;
				CLANG_ANALYZER_NONNULL = YES;
				CLANG_ANALYZER_NUMBER_OBJECT_CONVERSION = YES_AGGRESSIVE;
				CLANG_CXX_LANGUAGE_STANDARD = "gnu++20";
				CLANG_ENABLE_MODULES = YES;
				CLANG_ENABLE_OBJC_ARC = YES;
				CLANG_ENABLE_OBJC_WEAK = YES;
				CLANG_WARN_BLOCK_CAPTURE_AUTORELEASING = YES;
				CLANG_WARN_BOOL_CONVERSION = YES;
				CLANG_WARN_COMMA = YES;
				CLANG_WARN_CONSTANT_CONVERSION = YES;
				CLANG_WARN_DEPRECATED_OBJC_IMPLEMENTATIONS = YES;
				CLANG_WARN_DIRECT_OBJC_ISA_USAGE = YES_ERROR;
				CLANG_WARN_DOCUMENTATION_COMMENTS = YES;
				CLANG_WARN_EMPTY_BODY = YES;
				CLANG_WARN_ENUM_CONVERSION = YES;
				CLANG_WARN_INFINITE_RECURSION = YES;
				CLANG_WARN_INT_CONVERSION = YES;
				CLANG_WARN_NON_LITERAL_NULL_CONVERSION = YES;
				CLANG_WARN_OBJC_IMPLICIT_RETAIN_SELF = YES;
				CLANG_WARN_OBJC_LITERAL_CONVERSION = YES;
				CLANG_WARN_OBJC_ROOT_CLASS = YES_ERROR;
				CLANG_WARN_QUOTED_INCLUDE_IN_FRAMEWORK_HEADER = YES;
				CLANG_WARN_RANGE_LOOP_ANALYSIS = YES;
				CLANG_WARN_STRICT_PROTOTYPES = YES;
				CLANG_WARN_SUSPICIOUS_MOVE = YES;
				CLANG_WARN_UNGUARDED_AVAILABILITY = YES_AGGRESSIVE;
				CLANG_WARN_UNREACHABLE_CODE = YES;
				CLANG_WARN__DUPLICATE_METHOD_MATCH = YES;
				COPY_PHASE_STRIP = NO;
				DEBUG_INFORMATION_FORMAT = "dwarf-with-dsym";
				ENABLE_NS_ASSERTIONS = NO;
				ENABLE_STRICT_OBJC_MSGSEND = YES;
				GCC_C_LANGUAGE_STANDARD = gnu11;
				GCC_NO_COMMON_BLOCKS = YES;
				GCC_WARN_64_TO_32_BIT_CONVERSION = YES;
				GCC_WARN_ABOUT_RETURN_TYPE = YES_ERROR;
				GCC_WARN_UNDECLARED_SELECTOR = YES;
				GCC_WARN_UNINITIALIZED_AUTOS = YES_AGGRESSIVE;
				GCC_WARN_UNUSED_FUNCTION = YES;
				GCC_WARN_UNUSED_VARIABLE = YES;
				MTL_ENABLE_DEBUG_INFO = NO;
				MTL_FAST_MATH = YES;
				SWIFT_COMPILATION_MODE = wholemodule;
				SWIFT_OPTIMIZATION_LEVEL = "-O";
			};
			name = Release;
		};
		1DC50F3A2B030D7400A35F6A /* Debug */ = {
			isa = XCBuildConfiguration;
			buildSettings = {
				ASSETCATALOG_COMPILER_APPICON_NAME = AppIcon;
				ASSETCATALOG_COMPILER_GLOBAL_ACCENT_COLOR_NAME = AccentColor;
				CODE_SIGN_ENTITLEMENTS = FastingUKS/FastingUKS.entitlements;
				CODE_SIGN_STYLE = Automatic;
				CURRENT_PROJECT_VERSION = 1;
				DEVELOPMENT_ASSET_PATHS = "\"FastingUKS/Preview Content\"";
				DEVELOPMENT_TEAM = RPH4S2457V;
				ENABLE_HARDENED_RUNTIME = YES;
				ENABLE_PREVIEWS = YES;
				GENERATE_INFOPLIST_FILE = YES;
				"INFOPLIST_KEY_UIApplicationSceneManifest_Generation[sdk=iphoneos*]" = YES;
				"INFOPLIST_KEY_UIApplicationSceneManifest_Generation[sdk=iphonesimulator*]" = YES;
				"INFOPLIST_KEY_UIApplicationSupportsIndirectInputEvents[sdk=iphoneos*]" = YES;
				"INFOPLIST_KEY_UIApplicationSupportsIndirectInputEvents[sdk=iphonesimulator*]" = YES;
				"INFOPLIST_KEY_UILaunchScreen_Generation[sdk=iphoneos*]" = YES;
				"INFOPLIST_KEY_UILaunchScreen_Generation[sdk=iphonesimulator*]" = YES;
				"INFOPLIST_KEY_UIStatusBarStyle[sdk=iphoneos*]" = UIStatusBarStyleDefault;
				"INFOPLIST_KEY_UIStatusBarStyle[sdk=iphonesimulator*]" = UIStatusBarStyleDefault;
				INFOPLIST_KEY_UISupportedInterfaceOrientations_iPad = "UIInterfaceOrientationPortrait UIInterfaceOrientationPortraitUpsideDown UIInterfaceOrientationLandscapeLeft UIInterfaceOrientationLandscapeRight";
				INFOPLIST_KEY_UISupportedInterfaceOrientations_iPhone = "UIInterfaceOrientationPortrait UIInterfaceOrientationLandscapeLeft UIInterfaceOrientationLandscapeRight";
				IPHONEOS_DEPLOYMENT_TARGET = 16.4;
				LD_RUNPATH_SEARCH_PATHS = "@executable_path/Frameworks";
				"LD_RUNPATH_SEARCH_PATHS[sdk=macosx*]" = "@executable_path/../Frameworks";
				MACOSX_DEPLOYMENT_TARGET = 13.3;
				MARKETING_VERSION = 1.0;
				PRODUCT_BUNDLE_IDENTIFIER = com.chekazuja.FastingUKS;
				PRODUCT_NAME = "$(TARGET_NAME)";
				SDKROOT = auto;
				SUPPORTED_PLATFORMS = "iphoneos iphonesimulator macosx";
				SWIFT_EMIT_LOC_STRINGS = YES;
				SWIFT_VERSION = 5.0;
				TARGETED_DEVICE_FAMILY = "1,2";
			};
			name = Debug;
		};
		1DC50F3B2B030D7400A35F6A /* Release */ = {
			isa = XCBuildConfiguration;
			buildSettings = {
				ASSETCATALOG_COMPILER_APPICON_NAME = AppIcon;
				ASSETCATALOG_COMPILER_GLOBAL_ACCENT_COLOR_NAME = AccentColor;
				CODE_SIGN_ENTITLEMENTS = FastingUKS/FastingUKS.entitlements;
				CODE_SIGN_STYLE = Automatic;
				CURRENT_PROJECT_VERSION = 1;
				DEVELOPMENT_ASSET_PATHS = "\"FastingUKS/Preview Content\"";
				DEVELOPMENT_TEAM = RPH4S2457V;
				ENABLE_HARDENED_RUNTIME = YES;
				ENABLE_PREVIEWS = YES;
				GENERATE_INFOPLIST_FILE = YES;
				"INFOPLIST_KEY_UIApplicationSceneManifest_Generation[sdk=iphoneos*]" = YES;
				"INFOPLIST_KEY_UIApplicationSceneManifest_Generation[sdk=iphonesimulator*]" = YES;
				"INFOPLIST_KEY_UIApplicationSupportsIndirectInputEvents[sdk=iphoneos*]" = YES;
				"INFOPLIST_KEY_UIApplicationSupportsIndirectInputEvents[sdk=iphonesimulator*]" = YES;
				"INFOPLIST_KEY_UILaunchScreen_Generation[sdk=iphoneos*]" = YES;
				"INFOPLIST_KEY_UILaunchScreen_Generation[sdk=iphonesimulator*]" = YES;
				"INFOPLIST_KEY_UIStatusBarStyle[sdk=iphoneos*]" = UIStatusBarStyleDefault;
				"INFOPLIST_KEY_UIStatusBarStyle[sdk=iphonesimulator*]" = UIStatusBarStyleDefault;
				INFOPLIST_KEY_UISupportedInterfaceOrientations_iPad = "UIInterfaceOrientationPortrait UIInterfaceOrientationPortraitUpsideDown UIInterfaceOrientationLandscapeLeft UIInterfaceOrientationLandscapeRight";
				INFOPLIST_KEY_UISupportedInterfaceOrientations_iPhone = "UIInterfaceOrientationPortrait UIInterfaceOrientationLandscapeLeft UIInterfaceOrientationLandscapeRight";
				IPHONEOS_DEPLOYMENT_TARGET = 16.4;
				LD_RUNPATH_SEARCH_PATHS = "@executable_path/Frameworks";
				"LD_RUNPATH_SEARCH_PATHS[sdk=macosx*]" = "@executable_path/../Frameworks";
				MACOSX_DEPLOYMENT_TARGET = 13.3;
				MARKETING_VERSION = 1.0;
				PRODUCT_BUNDLE_IDENTIFIER = com.chekazuja.FastingUKS;
				PRODUCT_NAME = "$(TARGET_NAME)";
				SDKROOT = auto;
				SUPPORTED_PLATFORMS = "iphoneos iphonesimulator macosx";
				SWIFT_EMIT_LOC_STRINGS = YES;
				SWIFT_VERSION = 5.0;
				TARGETED_DEVICE_FAMILY = "1,2";
			};
			name = Release;
		};
/* End XCBuildConfiguration section */

/* Begin XCConfigurationList section */
		1DC50F252B030D7300A35F6A /* Build configuration list for PBXProject "FastingUKS" */ = {
			isa = XCConfigurationList;
			buildConfigurations = (
				1DC50F372B030D7400A35F6A /* Debug */,
				1DC50F382B030D7400A35F6A /* Release */,
			);
			defaultConfigurationIsVisible = 0;
			defaultConfigurationName = Release;
		};
		1DC50F392B030D7400A35F6A /* Build configuration list for PBXNativeTarget "FastingUKS" */ = {
			isa = XCConfigurationList;
			buildConfigurations = (
				1DC50F3A2B030D7400A35F6A /* Debug */,
				1DC50F3B2B030D7400A35F6A /* Release */,
			);
			defaultConfigurationIsVisible = 0;
			defaultConfigurationName = Release;
		};
/* End XCConfigurationList section */

/* Begin XCRemoteSwiftPackageReference section */
		1DC50F472B0324F900A35F6A /* XCRemoteSwiftPackageReference "moreswiftui" */ = {
			isa = XCRemoteSwiftPackageReference;
			repositoryURL = "git@gitlab.com:UKS/moreswiftui.git";
			requirement = {
				branch = main;
				kind = branch;
			};
		};
/* End XCRemoteSwiftPackageReference section */

/* Begin XCSwiftPackageProductDependency section */
		1DC50F482B0324F900A35F6A /* MoreSwiftUI */ = {
			isa = XCSwiftPackageProductDependency;
			package = 1DC50F472B0324F900A35F6A /* XCRemoteSwiftPackageReference "moreswiftui" */;
			productName = MoreSwiftUI;
		};
/* End XCSwiftPackageProductDependency section */
	};
	rootObject = 1DC50F222B030D7300A35F6A /* Project object */;
}
