{
  "pins" : [
    {
      "identity" : "essentials",
      "kind" : "remoteSourceControl",
      "location" : "https://gitlab.com/sergiy.vynnychenko/essentials.git",
      "state" : {
        "branch" : "master",
        "revision" : "3ecdcda8e14d28bd2f80b7909616c19747494046"
      }
    },
    {
      "identity" : "moreswiftui",
      "kind" : "remoteSourceControl",
      "location" : "git@gitlab.com:UKS/moreswiftui.git",
      "state" : {
        "branch" : "main",
        "revision" : "69c6cc646f7fc401e6a4ee60efbc0bbf8a8144a2"
      }
    }
  ],
  "version" : 2
}
